
Microsoft Visual Studio Solution File, Format Version 12.00
# Visual Studio Version 17
VisualStudioVersion = 17.5.002.0
MinimumVisualStudioVersion = 10.0.40219.1
Project("{9A19103F-16F7-4668-BE54-9A1E7A4F7556}") = "TemperaturOppgave", "TemperaturOppgave.csproj", "{7E0D6CC3-3BB9-4E79-8888-DBD9CC5F80EE}"
EndProject
Project("{FAE04EC0-301F-11D3-BF4B-00C04F79EFBC}") = "FotballManager", "..\FotballManager\FotballManager.csproj", "{A59DE959-540B-45B4-9F83-1C7332C180B6}"
EndProject
Global
	GlobalSection(SolutionConfigurationPlatforms) = preSolution
		Debug|Any CPU = Debug|Any CPU
		Release|Any CPU = Release|Any CPU
	EndGlobalSection
	GlobalSection(ProjectConfigurationPlatforms) = postSolution
		{7E0D6CC3-3BB9-4E79-8888-DBD9CC5F80EE}.Debug|Any CPU.ActiveCfg = Debug|Any CPU
		{7E0D6CC3-3BB9-4E79-8888-DBD9CC5F80EE}.Debug|Any CPU.Build.0 = Debug|Any CPU
		{7E0D6CC3-3BB9-4E79-8888-DBD9CC5F80EE}.Release|Any CPU.ActiveCfg = Release|Any CPU
		{7E0D6CC3-3BB9-4E79-8888-DBD9CC5F80EE}.Release|Any CPU.Build.0 = Release|Any CPU
		{A59DE959-540B-45B4-9F83-1C7332C180B6}.Debug|Any CPU.ActiveCfg = Debug|Any CPU
		{A59DE959-540B-45B4-9F83-1C7332C180B6}.Debug|Any CPU.Build.0 = Debug|Any CPU
		{A59DE959-540B-45B4-9F83-1C7332C180B6}.Release|Any CPU.ActiveCfg = Release|Any CPU
		{A59DE959-540B-45B4-9F83-1C7332C180B6}.Release|Any CPU.Build.0 = Release|Any CPU
	EndGlobalSection
	GlobalSection(SolutionProperties) = preSolution
		HideSolutionNode = FALSE
	EndGlobalSection
	GlobalSection(ExtensibilityGlobals) = postSolution
		SolutionGuid = {38B7BF82-C1EA-41F3-A9C3-7DDC3F616C97}
	EndGlobalSection
EndGlobal
